
Microsoft Visual Studio Solution File, Format Version 12.00
# Visual Studio 14
VisualStudioVersion = 14.0.25420.1
MinimumVisualStudioVersion = 10.0.40219.1
Project("{8BC9CEB8-8B4A-11D0-8D11-00A0C91BC942}") = "boostasio", "boostasio\boostasio.vcxproj", "{4E2128E0-A8A7-4EBE-8CA8-A2B1886D9636}"
EndProject
Project("{8BC9CEB8-8B4A-11D0-8D11-00A0C91BC942}") = "timer3", "timer3\timer3.vcxproj", "{1A77FD63-EDDC-4089-BFF8-D3275B650766}"
EndProject
Project("{8BC9CEB8-8B4A-11D0-8D11-00A0C91BC942}") = "timerFive", "timerFive\timerFive.vcxproj", "{493DF23A-D1A9-4922-9ECB-6E9A750CB106}"
EndProject
Project("{8BC9CEB8-8B4A-11D0-8D11-00A0C91BC942}") = "syncDaytimeServer", "syncDaytimeServer\syncDaytimeServer.vcxproj", "{BA48C662-BABC-409B-B2C2-8634EC91715D}"
EndProject
Project("{8BC9CEB8-8B4A-11D0-8D11-00A0C91BC942}") = "asyncDaytimeSvr", "asyncDaytimeSvr\asyncDaytimeSvr.vcxproj", "{27277009-8BEE-4152-BB46-2A6253A78F7C}"
EndProject
Project("{8BC9CEB8-8B4A-11D0-8D11-00A0C91BC942}") = "syncDaytimeClient", "syncDaytimeClient\syncDaytimeClient.vcxproj", "{33EEA108-877A-4B79-BEF7-8D6F8FB0F2FD}"
EndProject
Project("{8BC9CEB8-8B4A-11D0-8D11-00A0C91BC942}") = "asyncDaytimeSvrUDP", "asyncDaytimeSvrUDP\asyncDaytimeSvrUDP.vcxproj", "{BDF835F7-528E-4EE3-99F8-21714F13250B}"
EndProject
Project("{8BC9CEB8-8B4A-11D0-8D11-00A0C91BC942}") = "syncUDPClient", "syncUDPClient\syncUDPClient.vcxproj", "{59F92E44-61BB-4A4A-BB1D-601715913665}"
EndProject
Project("{8BC9CEB8-8B4A-11D0-8D11-00A0C91BC942}") = "syncUDPServer", "syncUDPServer\syncUDPServer.vcxproj", "{898179A0-CE66-44AF-A0E4-1AD94C7EA0CF}"
EndProject
Project("{8BC9CEB8-8B4A-11D0-8D11-00A0C91BC942}") = "ConsoleApplication2", "ConsoleApplication2\ConsoleApplication2.vcxproj", "{AA811AD5-4A14-4B3A-8C18-4F742A92DF27}"
EndProject
Project("{8BC9CEB8-8B4A-11D0-8D11-00A0C91BC942}") = "AsyncDaytimeTCPAndUDPServer", "AsyncDaytimeTCPAndUDPServer\AsyncDaytimeTCPAndUDPServer.vcxproj", "{33E05114-3856-47A4-B95F-34B70EF27298}"
EndProject
Project("{8BC9CEB8-8B4A-11D0-8D11-00A0C91BC942}") = "conversiontest", "conversiontest\conversiontest.vcxproj", "{2A052D57-6FBF-48F5-95AB-029A86D41B2F}"
EndProject
Project("{8BC9CEB8-8B4A-11D0-8D11-00A0C91BC942}") = "ex-post", "ex-post\ex-post.vcxproj", "{8BAB69AB-4E3E-40DE-BE15-004C299B17BB}"
EndProject
Project("{8BC9CEB8-8B4A-11D0-8D11-00A0C91BC942}") = "ex-dispatch", "ex-dispatch\ex-dispatch.vcxproj", "{373433C4-DC3F-4A6B-B56C-097D7949B1DA}"
EndProject
Project("{2150E333-8FDC-42A3-9474-1A3956D46DE8}") = "boostnetworkprogramming", "boostnetworkprogramming", "{3AAA2638-9C53-440C-8A10-9D5B2C89BC4F}"
EndProject
Project("{8BC9CEB8-8B4A-11D0-8D11-00A0C91BC942}") = "syncTcpClient", "syncTcpClient\syncTcpClient.vcxproj", "{7CF291D7-D717-403F-9989-AC19D45F9190}"
EndProject
Project("{8BC9CEB8-8B4A-11D0-8D11-00A0C91BC942}") = "syncTcpServer", "syncTcpServer\syncTcpServer.vcxproj", "{0AAAC14E-3CDD-469C-99CF-E71B0983A5D3}"
EndProject
Project("{8BC9CEB8-8B4A-11D0-8D11-00A0C91BC942}") = "asyncTcpClient", "asyncTcpClient\asyncTcpClient.vcxproj", "{C19C02C8-136E-4633-8B14-0D1DACE57C8F}"
EndProject
Project("{8BC9CEB8-8B4A-11D0-8D11-00A0C91BC942}") = "asyncTcpServer", "asyncTcpServer\asyncTcpServer.vcxproj", "{BA8D5EC2-E0C7-4800-A7C7-9339564881BF}"
EndProject
Project("{8BC9CEB8-8B4A-11D0-8D11-00A0C91BC942}") = "sharedptrtest", "sharedptrtest\sharedptrtest.vcxproj", "{D7001280-189A-4C79-BFDC-F42BE2ACDBEF}"
EndProject
Project("{8BC9CEB8-8B4A-11D0-8D11-00A0C91BC942}") = "shared_ptr_test", "shared_ptr_test\shared_ptr_test.vcxproj", "{CC6B4FF9-A78B-483A-9F72-33B6870F6531}"
EndProject
Project("{8BC9CEB8-8B4A-11D0-8D11-00A0C91BC942}") = "stdfileio", "stdfileio\stdfileio.vcxproj", "{D4F39C90-D10E-4F11-A7C3-17FA906FEB63}"
EndProject
Project("{8BC9CEB8-8B4A-11D0-8D11-00A0C91BC942}") = "noncopyable", "noncopyable\noncopyable.vcxproj", "{E494C066-699E-44CC-88EB-94F7B1D5BBC3}"
EndProject
Project("{8BC9CEB8-8B4A-11D0-8D11-00A0C91BC942}") = "udpclient", "udpclient\udpclient.vcxproj", "{3439AB1D-29CA-4201-8EF8-F37211F9BF22}"
EndProject
Project("{8BC9CEB8-8B4A-11D0-8D11-00A0C91BC942}") = "udpserver", "udpserver\udpserver.vcxproj", "{08D4DE60-E042-4B98-92D6-55BB66842E6B}"
EndProject
Project("{8BC9CEB8-8B4A-11D0-8D11-00A0C91BC942}") = "ch04syncclient", "ch04syncclient\ch04syncclient.vcxproj", "{5148276F-62AA-4CFE-9D0B-91048EC0776A}"
EndProject
Project("{8BC9CEB8-8B4A-11D0-8D11-00A0C91BC942}") = "ch04syncserver", "ch04syncserver\ch04syncserver.vcxproj", "{EF09A4BF-26D1-4942-8AE4-65DEE6DFF023}"
EndProject
Global
	GlobalSection(SolutionConfigurationPlatforms) = preSolution
		Debug|x64 = Debug|x64
		Debug|x86 = Debug|x86
		Release|x64 = Release|x64
		Release|x86 = Release|x86
	EndGlobalSection
	GlobalSection(ProjectConfigurationPlatforms) = postSolution
		{4E2128E0-A8A7-4EBE-8CA8-A2B1886D9636}.Debug|x64.ActiveCfg = Debug|x64
		{4E2128E0-A8A7-4EBE-8CA8-A2B1886D9636}.Debug|x64.Build.0 = Debug|x64
		{4E2128E0-A8A7-4EBE-8CA8-A2B1886D9636}.Debug|x86.ActiveCfg = Debug|Win32
		{4E2128E0-A8A7-4EBE-8CA8-A2B1886D9636}.Debug|x86.Build.0 = Debug|Win32
		{4E2128E0-A8A7-4EBE-8CA8-A2B1886D9636}.Release|x64.ActiveCfg = Release|x64
		{4E2128E0-A8A7-4EBE-8CA8-A2B1886D9636}.Release|x64.Build.0 = Release|x64
		{4E2128E0-A8A7-4EBE-8CA8-A2B1886D9636}.Release|x86.ActiveCfg = Release|Win32
		{4E2128E0-A8A7-4EBE-8CA8-A2B1886D9636}.Release|x86.Build.0 = Release|Win32
		{1A77FD63-EDDC-4089-BFF8-D3275B650766}.Debug|x64.ActiveCfg = Debug|x64
		{1A77FD63-EDDC-4089-BFF8-D3275B650766}.Debug|x64.Build.0 = Debug|x64
		{1A77FD63-EDDC-4089-BFF8-D3275B650766}.Debug|x86.ActiveCfg = Debug|Win32
		{1A77FD63-EDDC-4089-BFF8-D3275B650766}.Debug|x86.Build.0 = Debug|Win32
		{1A77FD63-EDDC-4089-BFF8-D3275B650766}.Release|x64.ActiveCfg = Release|x64
		{1A77FD63-EDDC-4089-BFF8-D3275B650766}.Release|x64.Build.0 = Release|x64
		{1A77FD63-EDDC-4089-BFF8-D3275B650766}.Release|x86.ActiveCfg = Release|Win32
		{1A77FD63-EDDC-4089-BFF8-D3275B650766}.Release|x86.Build.0 = Release|Win32
		{493DF23A-D1A9-4922-9ECB-6E9A750CB106}.Debug|x64.ActiveCfg = Debug|x64
		{493DF23A-D1A9-4922-9ECB-6E9A750CB106}.Debug|x64.Build.0 = Debug|x64
		{493DF23A-D1A9-4922-9ECB-6E9A750CB106}.Debug|x86.ActiveCfg = Debug|Win32
		{493DF23A-D1A9-4922-9ECB-6E9A750CB106}.Debug|x86.Build.0 = Debug|Win32
		{493DF23A-D1A9-4922-9ECB-6E9A750CB106}.Release|x64.ActiveCfg = Release|x64
		{493DF23A-D1A9-4922-9ECB-6E9A750CB106}.Release|x64.Build.0 = Release|x64
		{493DF23A-D1A9-4922-9ECB-6E9A750CB106}.Release|x86.ActiveCfg = Release|Win32
		{493DF23A-D1A9-4922-9ECB-6E9A750CB106}.Release|x86.Build.0 = Release|Win32
		{BA48C662-BABC-409B-B2C2-8634EC91715D}.Debug|x64.ActiveCfg = Debug|x64
		{BA48C662-BABC-409B-B2C2-8634EC91715D}.Debug|x64.Build.0 = Debug|x64
		{BA48C662-BABC-409B-B2C2-8634EC91715D}.Debug|x86.ActiveCfg = Debug|Win32
		{BA48C662-BABC-409B-B2C2-8634EC91715D}.Debug|x86.Build.0 = Debug|Win32
		{BA48C662-BABC-409B-B2C2-8634EC91715D}.Release|x64.ActiveCfg = Release|x64
		{BA48C662-BABC-409B-B2C2-8634EC91715D}.Release|x64.Build.0 = Release|x64
		{BA48C662-BABC-409B-B2C2-8634EC91715D}.Release|x86.ActiveCfg = Release|Win32
		{BA48C662-BABC-409B-B2C2-8634EC91715D}.Release|x86.Build.0 = Release|Win32
		{27277009-8BEE-4152-BB46-2A6253A78F7C}.Debug|x64.ActiveCfg = Debug|x64
		{27277009-8BEE-4152-BB46-2A6253A78F7C}.Debug|x64.Build.0 = Debug|x64
		{27277009-8BEE-4152-BB46-2A6253A78F7C}.Debug|x86.ActiveCfg = Debug|Win32
		{27277009-8BEE-4152-BB46-2A6253A78F7C}.Debug|x86.Build.0 = Debug|Win32
		{27277009-8BEE-4152-BB46-2A6253A78F7C}.Release|x64.ActiveCfg = Release|x64
		{27277009-8BEE-4152-BB46-2A6253A78F7C}.Release|x64.Build.0 = Release|x64
		{27277009-8BEE-4152-BB46-2A6253A78F7C}.Release|x86.ActiveCfg = Release|Win32
		{27277009-8BEE-4152-BB46-2A6253A78F7C}.Release|x86.Build.0 = Release|Win32
		{33EEA108-877A-4B79-BEF7-8D6F8FB0F2FD}.Debug|x64.ActiveCfg = Debug|x64
		{33EEA108-877A-4B79-BEF7-8D6F8FB0F2FD}.Debug|x64.Build.0 = Debug|x64
		{33EEA108-877A-4B79-BEF7-8D6F8FB0F2FD}.Debug|x86.ActiveCfg = Debug|Win32
		{33EEA108-877A-4B79-BEF7-8D6F8FB0F2FD}.Debug|x86.Build.0 = Debug|Win32
		{33EEA108-877A-4B79-BEF7-8D6F8FB0F2FD}.Release|x64.ActiveCfg = Release|x64
		{33EEA108-877A-4B79-BEF7-8D6F8FB0F2FD}.Release|x64.Build.0 = Release|x64
		{33EEA108-877A-4B79-BEF7-8D6F8FB0F2FD}.Release|x86.ActiveCfg = Release|Win32
		{33EEA108-877A-4B79-BEF7-8D6F8FB0F2FD}.Release|x86.Build.0 = Release|Win32
		{BDF835F7-528E-4EE3-99F8-21714F13250B}.Debug|x64.ActiveCfg = Debug|x64
		{BDF835F7-528E-4EE3-99F8-21714F13250B}.Debug|x64.Build.0 = Debug|x64
		{BDF835F7-528E-4EE3-99F8-21714F13250B}.Debug|x86.ActiveCfg = Debug|Win32
		{BDF835F7-528E-4EE3-99F8-21714F13250B}.Debug|x86.Build.0 = Debug|Win32
		{BDF835F7-528E-4EE3-99F8-21714F13250B}.Release|x64.ActiveCfg = Release|x64
		{BDF835F7-528E-4EE3-99F8-21714F13250B}.Release|x64.Build.0 = Release|x64
		{BDF835F7-528E-4EE3-99F8-21714F13250B}.Release|x86.ActiveCfg = Release|Win32
		{BDF835F7-528E-4EE3-99F8-21714F13250B}.Release|x86.Build.0 = Release|Win32
		{59F92E44-61BB-4A4A-BB1D-601715913665}.Debug|x64.ActiveCfg = Debug|x64
		{59F92E44-61BB-4A4A-BB1D-601715913665}.Debug|x64.Build.0 = Debug|x64
		{59F92E44-61BB-4A4A-BB1D-601715913665}.Debug|x86.ActiveCfg = Debug|Win32
		{59F92E44-61BB-4A4A-BB1D-601715913665}.Debug|x86.Build.0 = Debug|Win32
		{59F92E44-61BB-4A4A-BB1D-601715913665}.Release|x64.ActiveCfg = Release|x64
		{59F92E44-61BB-4A4A-BB1D-601715913665}.Release|x64.Build.0 = Release|x64
		{59F92E44-61BB-4A4A-BB1D-601715913665}.Release|x86.ActiveCfg = Release|Win32
		{59F92E44-61BB-4A4A-BB1D-601715913665}.Release|x86.Build.0 = Release|Win32
		{898179A0-CE66-44AF-A0E4-1AD94C7EA0CF}.Debug|x64.ActiveCfg = Debug|x64
		{898179A0-CE66-44AF-A0E4-1AD94C7EA0CF}.Debug|x64.Build.0 = Debug|x64
		{898179A0-CE66-44AF-A0E4-1AD94C7EA0CF}.Debug|x86.ActiveCfg = Debug|Win32
		{898179A0-CE66-44AF-A0E4-1AD94C7EA0CF}.Debug|x86.Build.0 = Debug|Win32
		{898179A0-CE66-44AF-A0E4-1AD94C7EA0CF}.Release|x64.ActiveCfg = Release|x64
		{898179A0-CE66-44AF-A0E4-1AD94C7EA0CF}.Release|x64.Build.0 = Release|x64
		{898179A0-CE66-44AF-A0E4-1AD94C7EA0CF}.Release|x86.ActiveCfg = Release|Win32
		{898179A0-CE66-44AF-A0E4-1AD94C7EA0CF}.Release|x86.Build.0 = Release|Win32
		{AA811AD5-4A14-4B3A-8C18-4F742A92DF27}.Debug|x64.ActiveCfg = Debug|x64
		{AA811AD5-4A14-4B3A-8C18-4F742A92DF27}.Debug|x64.Build.0 = Debug|x64
		{AA811AD5-4A14-4B3A-8C18-4F742A92DF27}.Debug|x86.ActiveCfg = Debug|Win32
		{AA811AD5-4A14-4B3A-8C18-4F742A92DF27}.Debug|x86.Build.0 = Debug|Win32
		{AA811AD5-4A14-4B3A-8C18-4F742A92DF27}.Release|x64.ActiveCfg = Release|x64
		{AA811AD5-4A14-4B3A-8C18-4F742A92DF27}.Release|x64.Build.0 = Release|x64
		{AA811AD5-4A14-4B3A-8C18-4F742A92DF27}.Release|x86.ActiveCfg = Release|Win32
		{AA811AD5-4A14-4B3A-8C18-4F742A92DF27}.Release|x86.Build.0 = Release|Win32
		{33E05114-3856-47A4-B95F-34B70EF27298}.Debug|x64.ActiveCfg = Debug|x64
		{33E05114-3856-47A4-B95F-34B70EF27298}.Debug|x64.Build.0 = Debug|x64
		{33E05114-3856-47A4-B95F-34B70EF27298}.Debug|x86.ActiveCfg = Debug|Win32
		{33E05114-3856-47A4-B95F-34B70EF27298}.Debug|x86.Build.0 = Debug|Win32
		{33E05114-3856-47A4-B95F-34B70EF27298}.Release|x64.ActiveCfg = Release|x64
		{33E05114-3856-47A4-B95F-34B70EF27298}.Release|x64.Build.0 = Release|x64
		{33E05114-3856-47A4-B95F-34B70EF27298}.Release|x86.ActiveCfg = Release|Win32
		{33E05114-3856-47A4-B95F-34B70EF27298}.Release|x86.Build.0 = Release|Win32
		{2A052D57-6FBF-48F5-95AB-029A86D41B2F}.Debug|x64.ActiveCfg = Debug|x64
		{2A052D57-6FBF-48F5-95AB-029A86D41B2F}.Debug|x64.Build.0 = Debug|x64
		{2A052D57-6FBF-48F5-95AB-029A86D41B2F}.Debug|x86.ActiveCfg = Debug|Win32
		{2A052D57-6FBF-48F5-95AB-029A86D41B2F}.Debug|x86.Build.0 = Debug|Win32
		{2A052D57-6FBF-48F5-95AB-029A86D41B2F}.Release|x64.ActiveCfg = Release|x64
		{2A052D57-6FBF-48F5-95AB-029A86D41B2F}.Release|x64.Build.0 = Release|x64
		{2A052D57-6FBF-48F5-95AB-029A86D41B2F}.Release|x86.ActiveCfg = Release|Win32
		{2A052D57-6FBF-48F5-95AB-029A86D41B2F}.Release|x86.Build.0 = Release|Win32
		{8BAB69AB-4E3E-40DE-BE15-004C299B17BB}.Debug|x64.ActiveCfg = Debug|x64
		{8BAB69AB-4E3E-40DE-BE15-004C299B17BB}.Debug|x64.Build.0 = Debug|x64
		{8BAB69AB-4E3E-40DE-BE15-004C299B17BB}.Debug|x86.ActiveCfg = Debug|Win32
		{8BAB69AB-4E3E-40DE-BE15-004C299B17BB}.Debug|x86.Build.0 = Debug|Win32
		{8BAB69AB-4E3E-40DE-BE15-004C299B17BB}.Release|x64.ActiveCfg = Release|x64
		{8BAB69AB-4E3E-40DE-BE15-004C299B17BB}.Release|x64.Build.0 = Release|x64
		{8BAB69AB-4E3E-40DE-BE15-004C299B17BB}.Release|x86.ActiveCfg = Release|Win32
		{8BAB69AB-4E3E-40DE-BE15-004C299B17BB}.Release|x86.Build.0 = Release|Win32
		{373433C4-DC3F-4A6B-B56C-097D7949B1DA}.Debug|x64.ActiveCfg = Debug|x64
		{373433C4-DC3F-4A6B-B56C-097D7949B1DA}.Debug|x64.Build.0 = Debug|x64
		{373433C4-DC3F-4A6B-B56C-097D7949B1DA}.Debug|x86.ActiveCfg = Debug|Win32
		{373433C4-DC3F-4A6B-B56C-097D7949B1DA}.Debug|x86.Build.0 = Debug|Win32
		{373433C4-DC3F-4A6B-B56C-097D7949B1DA}.Release|x64.ActiveCfg = Release|x64
		{373433C4-DC3F-4A6B-B56C-097D7949B1DA}.Release|x64.Build.0 = Release|x64
		{373433C4-DC3F-4A6B-B56C-097D7949B1DA}.Release|x86.ActiveCfg = Release|Win32
		{373433C4-DC3F-4A6B-B56C-097D7949B1DA}.Release|x86.Build.0 = Release|Win32
		{7CF291D7-D717-403F-9989-AC19D45F9190}.Debug|x64.ActiveCfg = Debug|x64
		{7CF291D7-D717-403F-9989-AC19D45F9190}.Debug|x64.Build.0 = Debug|x64
		{7CF291D7-D717-403F-9989-AC19D45F9190}.Debug|x86.ActiveCfg = Debug|Win32
		{7CF291D7-D717-403F-9989-AC19D45F9190}.Debug|x86.Build.0 = Debug|Win32
		{7CF291D7-D717-403F-9989-AC19D45F9190}.Release|x64.ActiveCfg = Release|x64
		{7CF291D7-D717-403F-9989-AC19D45F9190}.Release|x64.Build.0 = Release|x64
		{7CF291D7-D717-403F-9989-AC19D45F9190}.Release|x86.ActiveCfg = Release|Win32
		{7CF291D7-D717-403F-9989-AC19D45F9190}.Release|x86.Build.0 = Release|Win32
		{0AAAC14E-3CDD-469C-99CF-E71B0983A5D3}.Debug|x64.ActiveCfg = Debug|x64
		{0AAAC14E-3CDD-469C-99CF-E71B0983A5D3}.Debug|x64.Build.0 = Debug|x64
		{0AAAC14E-3CDD-469C-99CF-E71B0983A5D3}.Debug|x86.ActiveCfg = Debug|Win32
		{0AAAC14E-3CDD-469C-99CF-E71B0983A5D3}.Debug|x86.Build.0 = Debug|Win32
		{0AAAC14E-3CDD-469C-99CF-E71B0983A5D3}.Release|x64.ActiveCfg = Release|x64
		{0AAAC14E-3CDD-469C-99CF-E71B0983A5D3}.Release|x64.Build.0 = Release|x64
		{0AAAC14E-3CDD-469C-99CF-E71B0983A5D3}.Release|x86.ActiveCfg = Release|Win32
		{0AAAC14E-3CDD-469C-99CF-E71B0983A5D3}.Release|x86.Build.0 = Release|Win32
		{C19C02C8-136E-4633-8B14-0D1DACE57C8F}.Debug|x64.ActiveCfg = Debug|x64
		{C19C02C8-136E-4633-8B14-0D1DACE57C8F}.Debug|x64.Build.0 = Debug|x64
		{C19C02C8-136E-4633-8B14-0D1DACE57C8F}.Debug|x86.ActiveCfg = Debug|Win32
		{C19C02C8-136E-4633-8B14-0D1DACE57C8F}.Debug|x86.Build.0 = Debug|Win32
		{C19C02C8-136E-4633-8B14-0D1DACE57C8F}.Release|x64.ActiveCfg = Release|x64
		{C19C02C8-136E-4633-8B14-0D1DACE57C8F}.Release|x64.Build.0 = Release|x64
		{C19C02C8-136E-4633-8B14-0D1DACE57C8F}.Release|x86.ActiveCfg = Release|Win32
		{C19C02C8-136E-4633-8B14-0D1DACE57C8F}.Release|x86.Build.0 = Release|Win32
		{BA8D5EC2-E0C7-4800-A7C7-9339564881BF}.Debug|x64.ActiveCfg = Debug|x64
		{BA8D5EC2-E0C7-4800-A7C7-9339564881BF}.Debug|x64.Build.0 = Debug|x64
		{BA8D5EC2-E0C7-4800-A7C7-9339564881BF}.Debug|x86.ActiveCfg = Debug|Win32
		{BA8D5EC2-E0C7-4800-A7C7-9339564881BF}.Debug|x86.Build.0 = Debug|Win32
		{BA8D5EC2-E0C7-4800-A7C7-9339564881BF}.Release|x64.ActiveCfg = Release|x64
		{BA8D5EC2-E0C7-4800-A7C7-9339564881BF}.Release|x64.Build.0 = Release|x64
		{BA8D5EC2-E0C7-4800-A7C7-9339564881BF}.Release|x86.ActiveCfg = Release|Win32
		{BA8D5EC2-E0C7-4800-A7C7-9339564881BF}.Release|x86.Build.0 = Release|Win32
		{D7001280-189A-4C79-BFDC-F42BE2ACDBEF}.Debug|x64.ActiveCfg = Debug|x64
		{D7001280-189A-4C79-BFDC-F42BE2ACDBEF}.Debug|x64.Build.0 = Debug|x64
		{D7001280-189A-4C79-BFDC-F42BE2ACDBEF}.Debug|x86.ActiveCfg = Debug|Win32
		{D7001280-189A-4C79-BFDC-F42BE2ACDBEF}.Debug|x86.Build.0 = Debug|Win32
		{D7001280-189A-4C79-BFDC-F42BE2ACDBEF}.Release|x64.ActiveCfg = Release|x64
		{D7001280-189A-4C79-BFDC-F42BE2ACDBEF}.Release|x64.Build.0 = Release|x64
		{D7001280-189A-4C79-BFDC-F42BE2ACDBEF}.Release|x86.ActiveCfg = Release|Win32
		{D7001280-189A-4C79-BFDC-F42BE2ACDBEF}.Release|x86.Build.0 = Release|Win32
		{CC6B4FF9-A78B-483A-9F72-33B6870F6531}.Debug|x64.ActiveCfg = Debug|x64
		{CC6B4FF9-A78B-483A-9F72-33B6870F6531}.Debug|x64.Build.0 = Debug|x64
		{CC6B4FF9-A78B-483A-9F72-33B6870F6531}.Debug|x86.ActiveCfg = Debug|Win32
		{CC6B4FF9-A78B-483A-9F72-33B6870F6531}.Debug|x86.Build.0 = Debug|Win32
		{CC6B4FF9-A78B-483A-9F72-33B6870F6531}.Release|x64.ActiveCfg = Release|x64
		{CC6B4FF9-A78B-483A-9F72-33B6870F6531}.Release|x64.Build.0 = Release|x64
		{CC6B4FF9-A78B-483A-9F72-33B6870F6531}.Release|x86.ActiveCfg = Release|Win32
		{CC6B4FF9-A78B-483A-9F72-33B6870F6531}.Release|x86.Build.0 = Release|Win32
		{D4F39C90-D10E-4F11-A7C3-17FA906FEB63}.Debug|x64.ActiveCfg = Debug|x64
		{D4F39C90-D10E-4F11-A7C3-17FA906FEB63}.Debug|x64.Build.0 = Debug|x64
		{D4F39C90-D10E-4F11-A7C3-17FA906FEB63}.Debug|x86.ActiveCfg = Debug|Win32
		{D4F39C90-D10E-4F11-A7C3-17FA906FEB63}.Debug|x86.Build.0 = Debug|Win32
		{D4F39C90-D10E-4F11-A7C3-17FA906FEB63}.Release|x64.ActiveCfg = Release|x64
		{D4F39C90-D10E-4F11-A7C3-17FA906FEB63}.Release|x64.Build.0 = Release|x64
		{D4F39C90-D10E-4F11-A7C3-17FA906FEB63}.Release|x86.ActiveCfg = Release|Win32
		{D4F39C90-D10E-4F11-A7C3-17FA906FEB63}.Release|x86.Build.0 = Release|Win32
		{E494C066-699E-44CC-88EB-94F7B1D5BBC3}.Debug|x64.ActiveCfg = Debug|x64
		{E494C066-699E-44CC-88EB-94F7B1D5BBC3}.Debug|x64.Build.0 = Debug|x64
		{E494C066-699E-44CC-88EB-94F7B1D5BBC3}.Debug|x86.ActiveCfg = Debug|Win32
		{E494C066-699E-44CC-88EB-94F7B1D5BBC3}.Debug|x86.Build.0 = Debug|Win32
		{E494C066-699E-44CC-88EB-94F7B1D5BBC3}.Release|x64.ActiveCfg = Release|x64
		{E494C066-699E-44CC-88EB-94F7B1D5BBC3}.Release|x64.Build.0 = Release|x64
		{E494C066-699E-44CC-88EB-94F7B1D5BBC3}.Release|x86.ActiveCfg = Release|Win32
		{E494C066-699E-44CC-88EB-94F7B1D5BBC3}.Release|x86.Build.0 = Release|Win32
		{3439AB1D-29CA-4201-8EF8-F37211F9BF22}.Debug|x64.ActiveCfg = Debug|x64
		{3439AB1D-29CA-4201-8EF8-F37211F9BF22}.Debug|x64.Build.0 = Debug|x64
		{3439AB1D-29CA-4201-8EF8-F37211F9BF22}.Debug|x86.ActiveCfg = Debug|Win32
		{3439AB1D-29CA-4201-8EF8-F37211F9BF22}.Debug|x86.Build.0 = Debug|Win32
		{3439AB1D-29CA-4201-8EF8-F37211F9BF22}.Release|x64.ActiveCfg = Release|x64
		{3439AB1D-29CA-4201-8EF8-F37211F9BF22}.Release|x64.Build.0 = Release|x64
		{3439AB1D-29CA-4201-8EF8-F37211F9BF22}.Release|x86.ActiveCfg = Release|Win32
		{3439AB1D-29CA-4201-8EF8-F37211F9BF22}.Release|x86.Build.0 = Release|Win32
		{08D4DE60-E042-4B98-92D6-55BB66842E6B}.Debug|x64.ActiveCfg = Debug|x64
		{08D4DE60-E042-4B98-92D6-55BB66842E6B}.Debug|x64.Build.0 = Debug|x64
		{08D4DE60-E042-4B98-92D6-55BB66842E6B}.Debug|x86.ActiveCfg = Debug|Win32
		{08D4DE60-E042-4B98-92D6-55BB66842E6B}.Debug|x86.Build.0 = Debug|Win32
		{08D4DE60-E042-4B98-92D6-55BB66842E6B}.Release|x64.ActiveCfg = Release|x64
		{08D4DE60-E042-4B98-92D6-55BB66842E6B}.Release|x64.Build.0 = Release|x64
		{08D4DE60-E042-4B98-92D6-55BB66842E6B}.Release|x86.ActiveCfg = Release|Win32
		{08D4DE60-E042-4B98-92D6-55BB66842E6B}.Release|x86.Build.0 = Release|Win32
		{5148276F-62AA-4CFE-9D0B-91048EC0776A}.Debug|x64.ActiveCfg = Debug|x64
		{5148276F-62AA-4CFE-9D0B-91048EC0776A}.Debug|x64.Build.0 = Debug|x64
		{5148276F-62AA-4CFE-9D0B-91048EC0776A}.Debug|x86.ActiveCfg = Debug|Win32
		{5148276F-62AA-4CFE-9D0B-91048EC0776A}.Debug|x86.Build.0 = Debug|Win32
		{5148276F-62AA-4CFE-9D0B-91048EC0776A}.Release|x64.ActiveCfg = Release|x64
		{5148276F-62AA-4CFE-9D0B-91048EC0776A}.Release|x64.Build.0 = Release|x64
		{5148276F-62AA-4CFE-9D0B-91048EC0776A}.Release|x86.ActiveCfg = Release|Win32
		{5148276F-62AA-4CFE-9D0B-91048EC0776A}.Release|x86.Build.0 = Release|Win32
		{EF09A4BF-26D1-4942-8AE4-65DEE6DFF023}.Debug|x64.ActiveCfg = Debug|x64
		{EF09A4BF-26D1-4942-8AE4-65DEE6DFF023}.Debug|x64.Build.0 = Debug|x64
		{EF09A4BF-26D1-4942-8AE4-65DEE6DFF023}.Debug|x86.ActiveCfg = Debug|Win32
		{EF09A4BF-26D1-4942-8AE4-65DEE6DFF023}.Debug|x86.Build.0 = Debug|Win32
		{EF09A4BF-26D1-4942-8AE4-65DEE6DFF023}.Release|x64.ActiveCfg = Release|x64
		{EF09A4BF-26D1-4942-8AE4-65DEE6DFF023}.Release|x64.Build.0 = Release|x64
		{EF09A4BF-26D1-4942-8AE4-65DEE6DFF023}.Release|x86.ActiveCfg = Release|Win32
		{EF09A4BF-26D1-4942-8AE4-65DEE6DFF023}.Release|x86.Build.0 = Release|Win32
	EndGlobalSection
	GlobalSection(SolutionProperties) = preSolution
		HideSolutionNode = FALSE
	EndGlobalSection
	GlobalSection(NestedProjects) = preSolution
		{7CF291D7-D717-403F-9989-AC19D45F9190} = {3AAA2638-9C53-440C-8A10-9D5B2C89BC4F}
		{0AAAC14E-3CDD-469C-99CF-E71B0983A5D3} = {3AAA2638-9C53-440C-8A10-9D5B2C89BC4F}
		{C19C02C8-136E-4633-8B14-0D1DACE57C8F} = {3AAA2638-9C53-440C-8A10-9D5B2C89BC4F}
		{BA8D5EC2-E0C7-4800-A7C7-9339564881BF} = {3AAA2638-9C53-440C-8A10-9D5B2C89BC4F}
		{3439AB1D-29CA-4201-8EF8-F37211F9BF22} = {3AAA2638-9C53-440C-8A10-9D5B2C89BC4F}
		{08D4DE60-E042-4B98-92D6-55BB66842E6B} = {3AAA2638-9C53-440C-8A10-9D5B2C89BC4F}
		{5148276F-62AA-4CFE-9D0B-91048EC0776A} = {3AAA2638-9C53-440C-8A10-9D5B2C89BC4F}
		{EF09A4BF-26D1-4942-8AE4-65DEE6DFF023} = {3AAA2638-9C53-440C-8A10-9D5B2C89BC4F}
	EndGlobalSection
EndGlobal
